
Microsoft Visual Studio Solution File, Format Version 12.00
# Visual Studio Version 17
VisualStudioVersion = 17.7.34024.191
MinimumVisualStudioVersion = 10.0.40219.1
Project("{FAE04EC0-301F-11D3-BF4B-00C04F79EFBC}") = "UnderstandingTypesAndMore", "UnderstandingTypesAndMore\UnderstandingTypesAndMore.csproj", "{985F7A6D-7C9C-41FA-B4CF-97F1E3CFF6B5}"
EndProject
Global
	GlobalSection(SolutionConfigurationPlatforms) = preSolution
		Debug|Any CPU = Debug|Any CPU
		Release|Any CPU = Release|Any CPU
	EndGlobalSection
	GlobalSection(ProjectConfigurationPlatforms) = postSolution
		{985F7A6D-7C9C-41FA-B4CF-97F1E3CFF6B5}.Debug|Any CPU.ActiveCfg = Debug|Any CPU
		{985F7A6D-7C9C-41FA-B4CF-97F1E3CFF6B5}.Debug|Any CPU.Build.0 = Debug|Any CPU
		{985F7A6D-7C9C-41FA-B4CF-97F1E3CFF6B5}.Release|Any CPU.ActiveCfg = Release|Any CPU
		{985F7A6D-7C9C-41FA-B4CF-97F1E3CFF6B5}.Release|Any CPU.Build.0 = Release|Any CPU
	EndGlobalSection
	GlobalSection(SolutionProperties) = preSolution
		HideSolutionNode = FALSE
	EndGlobalSection
	GlobalSection(ExtensibilityGlobals) = postSolution
		SolutionGuid = {D55DD700-8D83-40D9-A480-F4F0C89421D2}
	EndGlobalSection
EndGlobal
