
Microsoft Visual Studio Solution File, Format Version 12.00
# Visual Studio Version 17
VisualStudioVersion = 17.7.34003.232
MinimumVisualStudioVersion = 10.0.40219.1
Project("{FAE04EC0-301F-11D3-BF4B-00C04F79EFBC}") = "CompanyApplication", "CompanyApplication\CompanyApplication.csproj", "{EA0F4E21-7022-4028-9011-D9EAA0ED7880}"
EndProject
Global
	GlobalSection(SolutionConfigurationPlatforms) = preSolution
		Debug|Any CPU = Debug|Any CPU
		Release|Any CPU = Release|Any CPU
	EndGlobalSection
	GlobalSection(ProjectConfigurationPlatforms) = postSolution
		{EA0F4E21-7022-4028-9011-D9EAA0ED7880}.Debug|Any CPU.ActiveCfg = Debug|Any CPU
		{EA0F4E21-7022-4028-9011-D9EAA0ED7880}.Debug|Any CPU.Build.0 = Debug|Any CPU
		{EA0F4E21-7022-4028-9011-D9EAA0ED7880}.Release|Any CPU.ActiveCfg = Release|Any CPU
		{EA0F4E21-7022-4028-9011-D9EAA0ED7880}.Release|Any CPU.Build.0 = Release|Any CPU
	EndGlobalSection
	GlobalSection(SolutionProperties) = preSolution
		HideSolutionNode = FALSE
	EndGlobalSection
	GlobalSection(ExtensibilityGlobals) = postSolution
		SolutionGuid = {561A6FB2-308D-4DC9-B4DC-56A2053B5967}
	EndGlobalSection
EndGlobal
