
Microsoft Visual Studio Solution File, Format Version 12.00
# Visual Studio Version 17
VisualStudioVersion = 17.7.34024.191
MinimumVisualStudioVersion = 10.0.40219.1
Project("{FAE04EC0-301F-11D3-BF4B-00C04F79EFBC}") = "EmployeeApp", "EmployeeApp\EmployeeApp.csproj", "{F81D0BF0-36C3-4A91-92EA-E35FF9A3C2EE}"
EndProject
Project("{FAE04EC0-301F-11D3-BF4B-00C04F79EFBC}") = "EmployeeTest", "EmployeeTest\EmployeeTest.csproj", "{A9913CA9-2D89-4FE5-87F3-252037B31DA8}"
EndProject
Global
	GlobalSection(SolutionConfigurationPlatforms) = preSolution
		Debug|Any CPU = Debug|Any CPU
		Release|Any CPU = Release|Any CPU
	EndGlobalSection
	GlobalSection(ProjectConfigurationPlatforms) = postSolution
		{F81D0BF0-36C3-4A91-92EA-E35FF9A3C2EE}.Debug|Any CPU.ActiveCfg = Debug|Any CPU
		{F81D0BF0-36C3-4A91-92EA-E35FF9A3C2EE}.Debug|Any CPU.Build.0 = Debug|Any CPU
		{F81D0BF0-36C3-4A91-92EA-E35FF9A3C2EE}.Release|Any CPU.ActiveCfg = Release|Any CPU
		{F81D0BF0-36C3-4A91-92EA-E35FF9A3C2EE}.Release|Any CPU.Build.0 = Release|Any CPU
		{A9913CA9-2D89-4FE5-87F3-252037B31DA8}.Debug|Any CPU.ActiveCfg = Debug|Any CPU
		{A9913CA9-2D89-4FE5-87F3-252037B31DA8}.Debug|Any CPU.Build.0 = Debug|Any CPU
		{A9913CA9-2D89-4FE5-87F3-252037B31DA8}.Release|Any CPU.ActiveCfg = Release|Any CPU
		{A9913CA9-2D89-4FE5-87F3-252037B31DA8}.Release|Any CPU.Build.0 = Release|Any CPU
	EndGlobalSection
	GlobalSection(SolutionProperties) = preSolution
		HideSolutionNode = FALSE
	EndGlobalSection
	GlobalSection(ExtensibilityGlobals) = postSolution
		SolutionGuid = {4C109156-1F8F-449B-A091-F74ACA0763E4}
	EndGlobalSection
EndGlobal
