
Microsoft Visual Studio Solution File, Format Version 12.00
# Visual Studio Version 17
VisualStudioVersion = 17.5.33516.290
MinimumVisualStudioVersion = 10.0.40219.1
Project("{FAE04EC0-301F-11D3-BF4B-00C04F79EFBC}") = "WebApplication1", "WebApplication1\WebApplication1.csproj", "{A82BCB0F-BAFA-44BE-8213-E2BBECF2539C}"
EndProject
Global
	GlobalSection(SolutionConfigurationPlatforms) = preSolution
		Debug|Any CPU = Debug|Any CPU
		Release|Any CPU = Release|Any CPU
	EndGlobalSection
	GlobalSection(ProjectConfigurationPlatforms) = postSolution
		{A82BCB0F-BAFA-44BE-8213-E2BBECF2539C}.Debug|Any CPU.ActiveCfg = Debug|Any CPU
		{A82BCB0F-BAFA-44BE-8213-E2BBECF2539C}.Debug|Any CPU.Build.0 = Debug|Any CPU
		{A82BCB0F-BAFA-44BE-8213-E2BBECF2539C}.Release|Any CPU.ActiveCfg = Release|Any CPU
		{A82BCB0F-BAFA-44BE-8213-E2BBECF2539C}.Release|Any CPU.Build.0 = Release|Any CPU
	EndGlobalSection
	GlobalSection(SolutionProperties) = preSolution
		HideSolutionNode = FALSE
	EndGlobalSection
	GlobalSection(ExtensibilityGlobals) = postSolution
		SolutionGuid = {80FCD91D-B6D8-44FA-99E6-0AD61C0E4CCF}
	EndGlobalSection
EndGlobal
